// !$*UTF8*$!
{
	archiveVersion = 1;
	classes = {
	};
	objectVersion = 46;
	objects = {

/* Begin PBXBuildFile section */
		001C15D01E647D3D008C38F4 /* AppDelegate.swift in Sources */ = {isa = PBXBuildFile; fileRef = 001C15CF1E647D3D008C38F4 /* AppDelegate.swift */; };
		001C15D21E647D3D008C38F4 /* ViewController.swift in Sources */ = {isa = PBXBuildFile; fileRef = 001C15D11E647D3D008C38F4 /* ViewController.swift */; };
		001C15D51E647D3D008C38F4 /* Main.storyboard in Resources */ = {isa = PBXBuildFile; fileRef = 001C15D31E647D3D008C38F4 /* Main.storyboard */; };
		001C15D71E647D3D008C38F4 /* Assets.xcassets in Resources */ = {isa = PBXBuildFile; fileRef = 001C15D61E647D3D008C38F4 /* Assets.xcassets */; };
		001C15DA1E647D3D008C38F4 /* LaunchScreen.storyboard in Resources */ = {isa = PBXBuildFile; fileRef = 001C15D81E647D3D008C38F4 /* LaunchScreen.storyboard */; };
		001C15E51E647D3E008C38F4 /* DouYuZhiBoTests.swift in Sources */ = {isa = PBXBuildFile; fileRef = 001C15E41E647D3E008C38F4 /* DouYuZhiBoTests.swift */; };
		001C15F01E647D3E008C38F4 /* DouYuZhiBoUITests.swift in Sources */ = {isa = PBXBuildFile; fileRef = 001C15EF1E647D3E008C38F4 /* DouYuZhiBoUITests.swift */; };
/* End PBXBuildFile section */

/* Begin PBXContainerItemProxy section */
		001C15E11E647D3E008C38F4 /* PBXContainerItemProxy */ = {
			isa = PBXContainerItemProxy;
			containerPortal = 001C15C41E647D3D008C38F4 /* Project object */;
			proxyType = 1;
			remoteGlobalIDString = 001C15CB1E647D3D008C38F4;
			remoteInfo = DouYuZhiBo;
		};
		001C15EC1E647D3E008C38F4 /* PBXContainerItemProxy */ = {
			isa = PBXContainerItemProxy;
			containerPortal = 001C15C41E647D3D008C38F4 /* Project object */;
			proxyType = 1;
			remoteGlobalIDString = 001C15CB1E647D3D008C38F4;
			remoteInfo = DouYuZhiBo;
		};
/* End PBXContainerItemProxy section */

/* Begin PBXFileReference section */
		001C15CC1E647D3D008C38F4 /* DouYuZhiBo.app */ = {isa = PBXFileReference; explicitFileType = wrapper.application; includeInIndex = 0; path = DouYuZhiBo.app; sourceTree = BUILT_PRODUCTS_DIR; };
		001C15CF1E647D3D008C38F4 /* AppDelegate.swift */ = {isa = PBXFileReference; lastKnownFileType = sourcecode.swift; path = AppDelegate.swift; sourceTree = "<group>"; };
		001C15D11E647D3D008C38F4 /* ViewController.swift */ = {isa = PBXFileReference; lastKnownFileType = sourcecode.swift; path = ViewController.swift; sourceTree = "<group>"; };
		001C15D41E647D3D008C38F4 /* Base */ = {isa = PBXFileReference; lastKnownFileType = file.storyboard; name = Base; path = Base.lproj/Main.storyboard; sourceTree = "<group>"; };
		001C15D61E647D3D008C38F4 /* Assets.xcassets */ = {isa = PBXFileReference; lastKnownFileType = folder.assetcatalog; path = Assets.xcassets; sourceTree = "<group>"; };
		001C15D91E647D3D008C38F4 /* Base */ = {isa = PBXFileReference; lastKnownFileType = file.storyboard; name = Base; path = Base.lproj/LaunchScreen.storyboard; sourceTree = "<group>"; };
		001C15DB1E647D3E008C38F4 /* Info.plist */ = {isa = PBXFileReference; lastKnownFileType = text.plist.xml; path = Info.plist; sourceTree = "<group>"; };
		001C15E01E647D3E008C38F4 /* DouYuZhiBoTests.xctest */ = {isa = PBXFileReference; explicitFileType = wrapper.cfbundle; includeInIndex = 0; path = DouYuZhiBoTests.xctest; sourceTree = BUILT_PRODUCTS_DIR; };
		001C15E41E647D3E008C38F4 /* DouYuZhiBoTests.swift */ = {isa = PBXFileReference; lastKnownFileType = sourcecode.swift; path = DouYuZhiBoTests.swift; sourceTree = "<group>"; };
		001C15E61E647D3E008C38F4 /* Info.plist */ = {isa = PBXFileReference; lastKnownFileType = text.plist.xml; path = Info.plist; sourceTree = "<group>"; };
		001C15EB1E647D3E008C38F4 /* DouYuZhiBoUITests.xctest */ = {isa = PBXFileReference; explicitFileType = wrapper.cfbundle; includeInIndex = 0; path = DouYuZhiBoUITests.xctest; sourceTree = BUILT_PRODUCTS_DIR; };
		001C15EF1E647D3E008C38F4 /* DouYuZhiBoUITests.swift */ = {isa = PBXFileReference; lastKnownFileType = sourcecode.swift; path = DouYuZhiBoUITests.swift; sourceTree = "<group>"; };
		001C15F11E647D3E008C38F4 /* Info.plist */ = {isa = PBXFileReference; lastKnownFileType = text.plist.xml; path = Info.plist; sourceTree = "<group>"; };
/* End PBXFileReference section */

/* Begin PBXFrameworksBuildPhase section */
		001C15C91E647D3D008C38F4 /* Frameworks */ = {
			isa = PBXFrameworksBuildPhase;
			buildActionMask = 2147483647;
			files = (
			);
			runOnlyForDeploymentPostprocessing = 0;
		};
		001C15DD1E647D3E008C38F4 /* Frameworks */ = {
			isa = PBXFrameworksBuildPhase;
			buildActionMask = 2147483647;
			files = (
			);
			runOnlyForDeploymentPostprocessing = 0;
		};
		001C15E81E647D3E008C38F4 /* Frameworks */ = {
			isa = PBXFrameworksBuildPhase;
			buildActionMask = 2147483647;
			files = (
			);
			runOnlyForDeploymentPostprocessing = 0;
		};
/* End PBXFrameworksBuildPhase section */

/* Begin PBXGroup section */
		001C15C31E647D3D008C38F4 = {
			isa = PBXGroup;
			children = (
				001C15CE1E647D3D008C38F4 /* DouYuZhiBo */,
				001C15E31E647D3E008C38F4 /* DouYuZhiBoTests */,
				001C15EE1E647D3E008C38F4 /* DouYuZhiBoUITests */,
				001C15CD1E647D3D008C38F4 /* Products */,
			);
			sourceTree = "<group>";
		};
		001C15CD1E647D3D008C38F4 /* Products */ = {
			isa = PBXGroup;
			children = (
				001C15CC1E647D3D008C38F4 /* DouYuZhiBo.app */,
				001C15E01E647D3E008C38F4 /* DouYuZhiBoTests.xctest */,
				001C15EB1E647D3E008C38F4 /* DouYuZhiBoUITests.xctest */,
			);
			name = Products;
			sourceTree = "<group>";
		};
		001C15CE1E647D3D008C38F4 /* DouYuZhiBo */ = {
			isa = PBXGroup;
			children = (
				001C15CF1E647D3D008C38F4 /* AppDelegate.swift */,
				001C15D11E647D3D008C38F4 /* ViewController.swift */,
				001C15D31E647D3D008C38F4 /* Main.storyboard */,
				001C15D61E647D3D008C38F4 /* Assets.xcassets */,
				001C15D81E647D3D008C38F4 /* LaunchScreen.storyboard */,
				001C15DB1E647D3E008C38F4 /* Info.plist */,
			);
			path = DouYuZhiBo;
			sourceTree = "<group>";
		};
		001C15E31E647D3E008C38F4 /* DouYuZhiBoTests */ = {
			isa = PBXGroup;
			children = (
				001C15E41E647D3E008C38F4 /* DouYuZhiBoTests.swift */,
				001C15E61E647D3E008C38F4 /* Info.plist */,
			);
			path = DouYuZhiBoTests;
			sourceTree = "<group>";
		};
		001C15EE1E647D3E008C38F4 /* DouYuZhiBoUITests */ = {
			isa = PBXGroup;
			children = (
				001C15EF1E647D3E008C38F4 /* DouYuZhiBoUITests.swift */,
				001C15F11E647D3E008C38F4 /* Info.plist */,
			);
			path = DouYuZhiBoUITests;
			sourceTree = "<group>";
		};
/* End PBXGroup section */

/* Begin PBXNativeTarget section */
		001C15CB1E647D3D008C38F4 /* DouYuZhiBo */ = {
			isa = PBXNativeTarget;
			buildConfigurationList = 001C15F41E647D3E008C38F4 /* Build configuration list for PBXNativeTarget "DouYuZhiBo" */;
			buildPhases = (
				001C15C81E647D3D008C38F4 /* Sources */,
				001C15C91E647D3D008C38F4 /* Frameworks */,
				001C15CA1E647D3D008C38F4 /* Resources */,
			);
			buildRules = (
			);
			dependencies = (
			);
			name = DouYuZhiBo;
			productName = DouYuZhiBo;
			productReference = 001C15CC1E647D3D008C38F4 /* DouYuZhiBo.app */;
			productType = "com.apple.product-type.application";
		};
		001C15DF1E647D3E008C38F4 /* DouYuZhiBoTests */ = {
			isa = PBXNativeTarget;
			buildConfigurationList = 001C15F71E647D3E008C38F4 /* Build configuration list for PBXNativeTarget "DouYuZhiBoTests" */;
			buildPhases = (
				001C15DC1E647D3E008C38F4 /* Sources */,
				001C15DD1E647D3E008C38F4 /* Frameworks */,
				001C15DE1E647D3E008C38F4 /* Resources */,
			);
			buildRules = (
			);
			dependencies = (
				001C15E21E647D3E008C38F4 /* PBXTargetDependency */,
			);
			name = DouYuZhiBoTests;
			productName = DouYuZhiBoTests;
			productReference = 001C15E01E647D3E008C38F4 /* DouYuZhiBoTests.xctest */;
			productType = "com.apple.product-type.bundle.unit-test";
		};
		001C15EA1E647D3E008C38F4 /* DouYuZhiBoUITests */ = {
			isa = PBXNativeTarget;
			buildConfigurationList = 001C15FA1E647D3E008C38F4 /* Build configuration list for PBXNativeTarget "DouYuZhiBoUITests" */;
			buildPhases = (
				001C15E71E647D3E008C38F4 /* Sources */,
				001C15E81E647D3E008C38F4 /* Frameworks */,
				001C15E91E647D3E008C38F4 /* Resources */,
			);
			buildRules = (
			);
			dependencies = (
				001C15ED1E647D3E008C38F4 /* PBXTargetDependency */,
			);
			name = DouYuZhiBoUITests;
			productName = DouYuZhiBoUITests;
			productReference = 001C15EB1E647D3E008C38F4 /* DouYuZhiBoUITests.xctest */;
			productType = "com.apple.product-type.bundle.ui-testing";
		};
/* End PBXNativeTarget section */

/* Begin PBXProject section */
		001C15C41E647D3D008C38F4 /* Project object */ = {
			isa = PBXProject;
			attributes = {
				LastSwiftUpdateCheck = 0820;
				LastUpgradeCheck = 0820;
				ORGANIZATIONNAME = zpc;
				TargetAttributes = {
					001C15CB1E647D3D008C38F4 = {
						CreatedOnToolsVersion = 8.2.1;
						ProvisioningStyle = Automatic;
					};
					001C15DF1E647D3E008C38F4 = {
						CreatedOnToolsVersion = 8.2.1;
						ProvisioningStyle = Automatic;
						TestTargetID = 001C15CB1E647D3D008C38F4;
					};
					001C15EA1E647D3E008C38F4 = {
						CreatedOnToolsVersion = 8.2.1;
						ProvisioningStyle = Automatic;
						TestTargetID = 001C15CB1E647D3D008C38F4;
					};
				};
			};
			buildConfigurationList = 001C15C71E647D3D008C38F4 /* Build configuration list for PBXProject "DouYuZhiBo" */;
			compatibilityVersion = "Xcode 3.2";
			developmentRegion = English;
			hasScannedForEncodings = 0;
			knownRegions = (
				en,
				Base,
			);
			mainGroup = 001C15C31E647D3D008C38F4;
			productRefGroup = 001C15CD1E647D3D008C38F4 /* Products */;
			projectDirPath = "";
			projectRoot = "";
			targets = (
				001C15CB1E647D3D008C38F4 /* DouYuZhiBo */,
				001C15DF1E647D3E008C38F4 /* DouYuZhiBoTests */,
				001C15EA1E647D3E008C38F4 /* DouYuZhiBoUITests */,
			);
		};
/* End PBXProject section */

/* Begin PBXResourcesBuildPhase section */
		001C15CA1E647D3D008C38F4 /* Resources */ = {
			isa = PBXResourcesBuildPhase;
			buildActionMask = 2147483647;
			files = (
				001C15DA1E647D3D008C38F4 /* LaunchScreen.storyboard in Resources */,
				001C15D71E647D3D008C38F4 /* Assets.xcassets in Resources */,
				001C15D51E647D3D008C38F4 /* Main.storyboard in Resources */,
			);
			runOnlyForDeploymentPostprocessing = 0;
		};
		001C15DE1E647D3E008C38F4 /* Resources */ = {
			isa = PBXResourcesBuildPhase;
			buildActionMask = 2147483647;
			files = (
			);
			runOnlyForDeploymentPostprocessing = 0;
		};
		001C15E91E647D3E008C38F4 /* Resources */ = {
			isa = PBXResourcesBuildPhase;
			buildActionMask = 2147483647;
			files = (
			);
			runOnlyForDeploymentPostprocessing = 0;
		};
/* End PBXResourcesBuildPhase section */

/* Begin PBXSourcesBuildPhase section */
		001C15C81E647D3D008C38F4 /* Sources */ = {
			isa = PBXSourcesBuildPhase;
			buildActionMask = 2147483647;
			files = (
				001C15D21E647D3D008C38F4 /* ViewController.swift in Sources */,
				001C15D01E647D3D008C38F4 /* AppDelegate.swift in Sources */,
			);
			runOnlyForDeploymentPostprocessing = 0;
		};
		001C15DC1E647D3E008C38F4 /* Sources */ = {
			isa = PBXSourcesBuildPhase;
			buildActionMask = 2147483647;
			files = (
				001C15E51E647D3E008C38F4 /* DouYuZhiBoTests.swift in Sources */,
			);
			runOnlyForDeploymentPostprocessing = 0;
		};
		001C15E71E647D3E008C38F4 /* Sources */ = {
			isa = PBXSourcesBuildPhase;
			buildActionMask = 2147483647;
			files = (
				001C15F01E647D3E008C38F4 /* DouYuZhiBoUITests.swift in Sources */,
			);
			runOnlyForDeploymentPostprocessing = 0;
		};
/* End PBXSourcesBuildPhase section */

/* Begin PBXTargetDependency section */
		001C15E21E647D3E008C38F4 /* PBXTargetDependency */ = {
			isa = PBXTargetDependency;
			target = 001C15CB1E647D3D008C38F4 /* DouYuZhiBo */;
			targetProxy = 001C15E11E647D3E008C38F4 /* PBXContainerItemProxy */;
		};
		001C15ED1E647D3E008C38F4 /* PBXTargetDependency */ = {
			isa = PBXTargetDependency;
			target = 001C15CB1E647D3D008C38F4 /* DouYuZhiBo */;
			targetProxy = 001C15EC1E647D3E008C38F4 /* PBXContainerItemProxy */;
		};
/* End PBXTargetDependency section */

/* Begin PBXVariantGroup section */
		001C15D31E647D3D008C38F4 /* Main.storyboard */ = {
			isa = PBXVariantGroup;
			children = (
				001C15D41E647D3D008C38F4 /* Base */,
			);
			name = Main.storyboard;
			sourceTree = "<group>";
		};
		001C15D81E647D3D008C38F4 /* LaunchScreen.storyboard */ = {
			isa = PBXVariantGroup;
			children = (
				001C15D91E647D3D008C38F4 /* Base */,
			);
			name = LaunchScreen.storyboard;
			sourceTree = "<group>";
		};
/* End PBXVariantGroup section */

/* Begin XCBuildConfiguration section */
		001C15F21E647D3E008C38F4 /* Debug */ = {
			isa = XCBuildConfiguration;
			buildSettings = {
				ALWAYS_SEARCH_USER_PATHS = NO;
				CLANG_ANALYZER_NONNULL = YES;
				CLANG_CXX_LANGUAGE_STANDARD = "gnu++0x";
				CLANG_CXX_LIBRARY = "libc++";
				CLANG_ENABLE_MODULES = YES;
				CLANG_ENABLE_OBJC_ARC = YES;
				CLANG_WARN_BOOL_CONVERSION = YES;
				CLANG_WARN_CONSTANT_CONVERSION = YES;
				CLANG_WARN_DIRECT_OBJC_ISA_USAGE = YES_ERROR;
				CLANG_WARN_DOCUMENTATION_COMMENTS = YES;
				CLANG_WARN_EMPTY_BODY = YES;
				CLANG_WARN_ENUM_CONVERSION = YES;
				CLANG_WARN_INFINITE_RECURSION = YES;
				CLANG_WARN_INT_CONVERSION = YES;
				CLANG_WARN_OBJC_ROOT_CLASS = YES_ERROR;
				CLANG_WARN_SUSPICIOUS_MOVE = YES;
				CLANG_WARN_UNREACHABLE_CODE = YES;
				CLANG_WARN__DUPLICATE_METHOD_MATCH = YES;
				"CODE_SIGN_IDENTITY[sdk=iphoneos*]" = "iPhone Developer";
				COPY_PHASE_STRIP = NO;
				DEBUG_INFORMATION_FORMAT = dwarf;
				ENABLE_STRICT_OBJC_MSGSEND = YES;
				ENABLE_TESTABILITY = YES;
				GCC_C_LANGUAGE_STANDARD = gnu99;
				GCC_DYNAMIC_NO_PIC = NO;
				GCC_NO_COMMON_BLOCKS = YES;
				GCC_OPTIMIZATION_LEVEL = 0;
				GCC_PREPROCESSOR_DEFINITIONS = (
					"DEBUG=1",
					"$(inherited)",
				);
				GCC_WARN_64_TO_32_BIT_CONVERSION = YES;
				GCC_WARN_ABOUT_RETURN_TYPE = YES_ERROR;
				GCC_WARN_UNDECLARED_SELECTOR = YES;
				GCC_WARN_UNINITIALIZED_AUTOS = YES_AGGRESSIVE;
				GCC_WARN_UNUSED_FUNCTION = YES;
				GCC_WARN_UNUSED_VARIABLE = YES;
				IPHONEOS_DEPLOYMENT_TARGET = 10.2;
				MTL_ENABLE_DEBUG_INFO = YES;
				ONLY_ACTIVE_ARCH = YES;
				SDKROOT = iphoneos;
				SWIFT_ACTIVE_COMPILATION_CONDITIONS = DEBUG;
				SWIFT_OPTIMIZATION_LEVEL = "-Onone";
			};
			name = Debug;
		};
		001C15F31E647D3E008C38F4 /* Release */ = {
			isa = XCBuildConfiguration;
			buildSettings = {
				ALWAYS_SEARCH_USER_PATHS = NO;
				CLANG_ANALYZER_NONNULL = YES;
				CLANG_CXX_LANGUAGE_STANDARD = "gnu++0x";
				CLANG_CXX_LIBRARY = "libc++";
				CLANG_ENABLE_MODULES = YES;
				CLANG_ENABLE_OBJC_ARC = YES;
				CLANG_WARN_BOOL_CONVERSION = YES;
				CLANG_WARN_CONSTANT_CONVERSION = YES;
				CLANG_WARN_DIRECT_OBJC_ISA_USAGE = YES_ERROR;
				CLANG_WARN_DOCUMENTATION_COMMENTS = YES;
				CLANG_WARN_EMPTY_BODY = YES;
				CLANG_WARN_ENUM_CONVERSION = YES;
				CLANG_WARN_INFINITE_RECURSION = YES;
				CLANG_WARN_INT_CONVERSION = YES;
				CLANG_WARN_OBJC_ROOT_CLASS = YES_ERROR;
				CLANG_WARN_SUSPICIOUS_MOVE = YES;
				CLANG_WARN_UNREACHABLE_CODE = YES;
				CLANG_WARN__DUPLICATE_METHOD_MATCH = YES;
				"CODE_SIGN_IDENTITY[sdk=iphoneos*]" = "iPhone Developer";
				COPY_PHASE_STRIP = NO;
				DEBUG_INFORMATION_FORMAT = "dwarf-with-dsym";
				ENABLE_NS_ASSERTIONS = NO;
				ENABLE_STRICT_OBJC_MSGSEND = YES;
				GCC_C_LANGUAGE_STANDARD = gnu99;
				GCC_NO_COMMON_BLOCKS = YES;
				GCC_WARN_64_TO_32_BIT_CONVERSION = YES;
				GCC_WARN_ABOUT_RETURN_TYPE = YES_ERROR;
				GCC_WARN_UNDECLARED_SELECTOR = YES;
				GCC_WARN_UNINITIALIZED_AUTOS = YES_AGGRESSIVE;
				GCC_WARN_UNUSED_FUNCTION = YES;
				GCC_WARN_UNUSED_VARIABLE = YES;
				IPHONEOS_DEPLOYMENT_TARGET = 10.2;
				MTL_ENABLE_DEBUG_INFO = NO;
				SDKROOT = iphoneos;
				SWIFT_OPTIMIZATION_LEVEL = "-Owholemodule";
				VALIDATE_PRODUCT = YES;
			};
			name = Release;
		};
		001C15F51E647D3E008C38F4 /* Debug */ = {
			isa = XCBuildConfiguration;
			buildSettings = {
				ASSETCATALOG_COMPILER_APPICON_NAME = AppIcon;
				INFOPLIST_FILE = DouYuZhiBo/Info.plist;
				LD_RUNPATH_SEARCH_PATHS = "$(inherited) @executable_path/Frameworks";
				PRODUCT_BUNDLE_IDENTIFIER = com.zpc.www.DouYuZhiBo;
				PRODUCT_NAME = "$(TARGET_NAME)";
				SWIFT_VERSION = 3.0;
			};
			name = Debug;
		};
		001C15F61E647D3E008C38F4 /* Release */ = {
			isa = XCBuildConfiguration;
			buildSettings = {
				ASSETCATALOG_COMPILER_APPICON_NAME = AppIcon;
				INFOPLIST_FILE = DouYuZhiBo/Info.plist;
				LD_RUNPATH_SEARCH_PATHS = "$(inherited) @executable_path/Frameworks";
				PRODUCT_BUNDLE_IDENTIFIER = com.zpc.www.DouYuZhiBo;
				PRODUCT_NAME = "$(TARGET_NAME)";
				SWIFT_VERSION = 3.0;
			};
			name = Release;
		};
		001C15F81E647D3E008C38F4 /* Debug */ = {
			isa = XCBuildConfiguration;
			buildSettings = {
				ALWAYS_EMBED_SWIFT_STANDARD_LIBRARIES = YES;
				BUNDLE_LOADER = "$(TEST_HOST)";
				INFOPLIST_FILE = DouYuZhiBoTests/Info.plist;
				LD_RUNPATH_SEARCH_PATHS = "$(inherited) @executable_path/Frameworks @loader_path/Frameworks";
				PRODUCT_BUNDLE_IDENTIFIER = com.zpc.www.DouYuZhiBoTests;
				PRODUCT_NAME = "$(TARGET_NAME)";
				SWIFT_VERSION = 3.0;
				TEST_HOST = "$(BUILT_PRODUCTS_DIR)/DouYuZhiBo.app/DouYuZhiBo";
			};
			name = Debug;
		};
		001C15F91E647D3E008C38F4 /* Release */ = {
			isa = XCBuildConfiguration;
			buildSettings = {
				ALWAYS_EMBED_SWIFT_STANDARD_LIBRARIES = YES;
				BUNDLE_LOADER = "$(TEST_HOST)";
				INFOPLIST_FILE = DouYuZhiBoTests/Info.plist;
				LD_RUNPATH_SEARCH_PATHS = "$(inherited) @executable_path/Frameworks @loader_path/Frameworks";
				PRODUCT_BUNDLE_IDENTIFIER = com.zpc.www.DouYuZhiBoTests;
				PRODUCT_NAME = "$(TARGET_NAME)";
				SWIFT_VERSION = 3.0;
				TEST_HOST = "$(BUILT_PRODUCTS_DIR)/DouYuZhiBo.app/DouYuZhiBo";
			};
			name = Release;
		};
		001C15FB1E647D3E008C38F4 /* Debug */ = {
			isa = XCBuildConfiguration;
			buildSettings = {
				ALWAYS_EMBED_SWIFT_STANDARD_LIBRARIES = YES;
				INFOPLIST_FILE = DouYuZhiBoUITests/Info.plist;
				LD_RUNPATH_SEARCH_PATHS = "$(inherited) @executable_path/Frameworks @loader_path/Frameworks";
				PRODUCT_BUNDLE_IDENTIFIER = com.zpc.www.DouYuZhiBoUITests;
				PRODUCT_NAME = "$(TARGET_NAME)";
				SWIFT_VERSION = 3.0;
				TEST_TARGET_NAME = DouYuZhiBo;
			};
			name = Debug;
		};
		001C15FC1E647D3E008C38F4 /* Release */ = {
			isa = XCBuildConfiguration;
			buildSettings = {
				ALWAYS_EMBED_SWIFT_STANDARD_LIBRARIES = YES;
				INFOPLIST_FILE = DouYuZhiBoUITests/Info.plist;
				LD_RUNPATH_SEARCH_PATHS = "$(inherited) @executable_path/Frameworks @loader_path/Frameworks";
				PRODUCT_BUNDLE_IDENTIFIER = com.zpc.www.DouYuZhiBoUITests;
				PRODUCT_NAME = "$(TARGET_NAME)";
				SWIFT_VERSION = 3.0;
				TEST_TARGET_NAME = DouYuZhiBo;
			};
			name = Release;
		};
/* End XCBuildConfiguration section */

/* Begin XCConfigurationList section */
		001C15C71E647D3D008C38F4 /* Build configuration list for PBXProject "DouYuZhiBo" */ = {
			isa = XCConfigurationList;
			buildConfigurations = (
				001C15F21E647D3E008C38F4 /* Debug */,
				001C15F31E647D3E008C38F4 /* Release */,
			);
			defaultConfigurationIsVisible = 0;
			defaultConfigurationName = Release;
		};
		001C15F41E647D3E008C38F4 /* Build configuration list for PBXNativeTarget "DouYuZhiBo" */ = {
			isa = XCConfigurationList;
			buildConfigurations = (
				001C15F51E647D3E008C38F4 /* Debug */,
				001C15F61E647D3E008C38F4 /* Release */,
			);
			defaultConfigurationIsVisible = 0;
		};
		001C15F71E647D3E008C38F4 /* Build configuration list for PBXNativeTarget "DouYuZhiBoTests" */ = {
			isa = XCConfigurationList;
			buildConfigurations = (
				001C15F81E647D3E008C38F4 /* Debug */,
				001C15F91E647D3E008C38F4 /* Release */,
			);
			defaultConfigurationIsVisible = 0;
		};
		001C15FA1E647D3E008C38F4 /* Build configuration list for PBXNativeTarget "DouYuZhiBoUITests" */ = {
			isa = XCConfigurationList;
			buildConfigurations = (
				001C15FB1E647D3E008C38F4 /* Debug */,
				001C15FC1E647D3E008C38F4 /* Release */,
			);
			defaultConfigurationIsVisible = 0;
		};
/* End XCConfigurationList section */
	};
	rootObject = 001C15C41E647D3D008C38F4 /* Project object */;
}
